
Microsoft Visual Studio Solution File, Format Version 12.00
# Visual Studio Version 17
VisualStudioVersion = 17.4.33213.308
MinimumVisualStudioVersion = 10.0.40219.1
Project("{FAE04EC0-301F-11D3-BF4B-00C04F79EFBC}") = "OrnekKayitUygulamasi", "OrnekKayitUygulamasi\OrnekKayitUygulamasi.csproj", "{3F814157-C890-4DA4-A84E-FD1A55162F7A}"
EndProject
Global
	GlobalSection(SolutionConfigurationPlatforms) = preSolution
		Debug|Any CPU = Debug|Any CPU
		Release|Any CPU = Release|Any CPU
	EndGlobalSection
	GlobalSection(ProjectConfigurationPlatforms) = postSolution
		{3F814157-C890-4DA4-A84E-FD1A55162F7A}.Debug|Any CPU.ActiveCfg = Debug|Any CPU
		{3F814157-C890-4DA4-A84E-FD1A55162F7A}.Debug|Any CPU.Build.0 = Debug|Any CPU
		{3F814157-C890-4DA4-A84E-FD1A55162F7A}.Release|Any CPU.ActiveCfg = Release|Any CPU
		{3F814157-C890-4DA4-A84E-FD1A55162F7A}.Release|Any CPU.Build.0 = Release|Any CPU
	EndGlobalSection
	GlobalSection(SolutionProperties) = preSolution
		HideSolutionNode = FALSE
	EndGlobalSection
	GlobalSection(ExtensibilityGlobals) = postSolution
		SolutionGuid = {FA50B4C1-2CB8-4816-8660-95FB6F9E0FB2}
	EndGlobalSection
EndGlobal
